<?xml version="1.0" encoding="utf-8"?>
<Project ToolsVersion="4.0" xmlns="http://schemas.microsoft.com/developer/msbuild/2003">
  <ItemGroup>
    <ClCompile Include="src\ofApp.cpp">
      <Filter>src</Filter>
    </ClCompile>
    <ClCompile Include="src\main.cpp">
      <Filter>src</Filter>
    </ClCompile>
    <ClCompile Include="..\..\of_v0.9.2_vs_release\addons\ofxAssimpModelLoader\src\ofxAssimpAnimation.cpp">
      <Filter>addons\ofxAssimpModelLoader\src</Filter>
    </ClCompile>
    <ClCompile Include="..\..\of_v0.9.2_vs_release\addons\ofxAssimpModelLoader\src\ofxAssimpMeshHelper.cpp">
      <Filter>addons\ofxAssimpModelLoader\src</Filter>
    </ClCompile>
    <ClCompile Include="..\..\of_v0.9.2_vs_release\addons\ofxAssimpModelLoader\src\ofxAssimpModelLoader.cpp">
      <Filter>addons\ofxAssimpModelLoader\src</Filter>
    </ClCompile>
    <ClCompile Include="..\..\of_v0.9.2_vs_release\addons\ofxAssimpModelLoader\src\ofxAssimpTexture.cpp">
      <Filter>addons\ofxAssimpModelLoader\src</Filter>
    </ClCompile>
    <ClCompile Include="..\..\of_v0.9.2_vs_release\addons\ofxGui\src\ofxBaseGui.cpp">
      <Filter>addons\ofxGui\src</Filter>
    </ClCompile>
    <ClCompile Include="..\..\of_v0.9.2_vs_release\addons\ofxGui\src\ofxButton.cpp">
      <Filter>addons\ofxGui\src</Filter>
    </ClCompile>
    <ClCompile Include="..\..\of_v0.9.2_vs_release\addons\ofxGui\src\ofxGuiGroup.cpp">
      <Filter>addons\ofxGui\src</Filter>
    </ClCompile>
    <ClCompile Include="..\..\of_v0.9.2_vs_release\addons\ofxGui\src\ofxLabel.cpp">
      <Filter>addons\ofxGui\src</Filter>
    </ClCompile>
    <ClCompile Include="..\..\of_v0.9.2_vs_release\addons\ofxGui\src\ofxPanel.cpp">
      <Filter>addons\ofxGui\src</Filter>
    </ClCompile>
    <ClCompile Include="..\..\of_v0.9.2_vs_release\addons\ofxGui\src\ofxSlider.cpp">
      <Filter>addons\ofxGui\src</Filter>
    </ClCompile>
    <ClCompile Include="..\..\of_v0.9.2_vs_release\addons\ofxGui\src\ofxSliderGroup.cpp">
      <Filter>addons\ofxGui\src</Filter>
    </ClCompile>
    <ClCompile Include="..\..\of_v0.9.2_vs_release\addons\ofxGui\src\ofxToggle.cpp">
      <Filter>addons\ofxGui\src</Filter>
    </ClCompile>
  </ItemGroup>
  <ItemGroup>
    <Filter Include="src">
      <UniqueIdentifier>{d8376475-7454-4a24-b08a-aac121d3ad6f}</UniqueIdentifier>
    </Filter>
    <Filter Include="addons">
      <UniqueIdentifier>{904f879d-2f75-407a-a30c-14a24ca9e8e1}</UniqueIdentifier>
    </Filter>
    <Filter Include="addons\ofxAssimpModelLoader">
      <UniqueIdentifier>{999439a4-46d7-4f95-9c1d-d627d2e06055}</UniqueIdentifier>
    </Filter>
    <Filter Include="addons\ofxAssimpModelLoader\src">
      <UniqueIdentifier>{5329acff-8cd1-499c-afe3-5bf6ffbae36a}</UniqueIdentifier>
    </Filter>
    <Filter Include="addons\ofxAssimpModelLoader\libs">
      <UniqueIdentifier>{2aa5d2ba-ab32-4deb-8cd5-07928c1185bc}</UniqueIdentifier>
    </Filter>
    <Filter Include="addons\ofxAssimpModelLoader\libs\assimp">
      <UniqueIdentifier>{712e77eb-923d-4cc4-8775-30ba5385ff9a}</UniqueIdentifier>
    </Filter>
    <Filter Include="addons\ofxAssimpModelLoader\libs\assimp\include">
      <UniqueIdentifier>{a9329f3e-f981-44d3-a3cb-a6a7d699e2ae}</UniqueIdentifier>
    </Filter>
    <Filter Include="addons\ofxAssimpModelLoader\libs\assimp\include\assimp">
      <UniqueIdentifier>{84a2d290-6725-4a91-a183-31e9d7db5f7d}</UniqueIdentifier>
    </Filter>
    <Filter Include="addons\ofxAssimpModelLoader\libs\assimp\include\assimp\Compiler">
      <UniqueIdentifier>{d21c67c2-083a-4c22-9828-5f923bee52cb}</UniqueIdentifier>
    </Filter>
    <Filter Include="addons\ofxGui">
      <UniqueIdentifier>{7f9b1ac1-5061-4e59-bdde-39256037d854}</UniqueIdentifier>
    </Filter>
    <Filter Include="addons\ofxGui\src">
      <UniqueIdentifier>{66071eed-1c0d-4fe5-8154-5461db800d14}</UniqueIdentifier>
    </Filter>
  </ItemGroup>
  <ItemGroup>
    <ClInclude Include="src\ofApp.h">
      <Filter>src</Filter>
    </ClInclude>
    <ClInclude Include="..\..\of_v0.9.2_vs_release\addons\ofxAssimpModelLoader\src\ofxAssimpAnimation.h">
      <Filter>addons\ofxAssimpModelLoader\src</Filter>
    </ClInclude>
    <ClInclude Include="..\..\of_v0.9.2_vs_release\addons\ofxAssimpModelLoader\src\ofxAssimpMeshHelper.h">
      <Filter>addons\ofxAssimpModelLoader\src</Filter>
    </ClInclude>
    <ClInclude Include="..\..\of_v0.9.2_vs_release\addons\ofxAssimpModelLoader\src\ofxAssimpModelLoader.h">
      <Filter>addons\ofxAssimpModelLoader\src</Filter>
    </ClInclude>
    <ClInclude Include="..\..\of_v0.9.2_vs_release\addons\ofxAssimpModelLoader\src\ofxAssimpTexture.h">
      <Filter>addons\ofxAssimpModelLoader\src</Filter>
    </ClInclude>
    <ClInclude Include="..\..\of_v0.9.2_vs_release\addons\ofxAssimpModelLoader\src\ofxAssimpUtils.h">
      <Filter>addons\ofxAssimpModelLoader\src</Filter>
    </ClInclude>
    <ClInclude Include="..\..\of_v0.9.2_vs_release\addons\ofxAssimpModelLoader\libs\assimp\include\assimp\ai_assert.h">
      <Filter>addons\ofxAssimpModelLoader\libs\assimp\include\assimp</Filter>
    </ClInclude>
    <ClInclude Include="..\..\of_v0.9.2_vs_release\addons\ofxAssimpModelLoader\libs\assimp\include\assimp\anim.h">
      <Filter>addons\ofxAssimpModelLoader\libs\assimp\include\assimp</Filter>
    </ClInclude>
    <ClInclude Include="..\..\of_v0.9.2_vs_release\addons\ofxAssimpModelLoader\libs\assimp\include\assimp\camera.h">
      <Filter>addons\ofxAssimpModelLoader\libs\assimp\include\assimp</Filter>
    </ClInclude>
    <ClInclude Include="..\..\of_v0.9.2_vs_release\addons\ofxAssimpModelLoader\libs\assimp\include\assimp\cexport.h">
      <Filter>addons\ofxAssimpModelLoader\libs\assimp\include\assimp</Filter>
    </ClInclude>
    <ClInclude Include="..\..\of_v0.9.2_vs_release\addons\ofxAssimpModelLoader\libs\assimp\include\assimp\cfileio.h">
      <Filter>addons\ofxAssimpModelLoader\libs\assimp\include\assimp</Filter>
    </ClInclude>
    <ClInclude Include="..\..\of_v0.9.2_vs_release\addons\ofxAssimpModelLoader\libs\assimp\include\assimp\cimport.h">
      <Filter>addons\ofxAssimpModelLoader\libs\assimp\include\assimp</Filter>
    </ClInclude>
    <ClInclude Include="..\..\of_v0.9.2_vs_release\addons\ofxAssimpModelLoader\libs\assimp\include\assimp\color4.h">
      <Filter>addons\ofxAssimpModelLoader\libs\assimp\include\assimp</Filter>
    </ClInclude>
    <ClInclude Include="..\..\of_v0.9.2_vs_release\addons\ofxAssimpModelLoader\libs\assimp\include\assimp\config.h">
      <Filter>addons\ofxAssimpModelLoader\libs\assimp\include\assimp</Filter>
    </ClInclude>
    <ClInclude Include="..\..\of_v0.9.2_vs_release\addons\ofxAssimpModelLoader\libs\assimp\include\assimp\defs.h">
      <Filter>addons\ofxAssimpModelLoader\libs\assimp\include\assimp</Filter>
    </ClInclude>
    <ClInclude Include="..\..\of_v0.9.2_vs_release\addons\ofxAssimpModelLoader\libs\assimp\include\assimp\importerdesc.h">
      <Filter>addons\ofxAssimpModelLoader\libs\assimp\include\assimp</Filter>
    </ClInclude>
    <ClInclude Include="..\..\of_v0.9.2_vs_release\addons\ofxAssimpModelLoader\libs\assimp\include\assimp\light.h">
      <Filter>addons\ofxAssimpModelLoader\libs\assimp\include\assimp</Filter>
    </ClInclude>
    <ClInclude Include="..\..\of_v0.9.2_vs_release\addons\ofxAssimpModelLoader\libs\assimp\include\assimp\material.h">
      <Filter>addons\ofxAssimpModelLoader\libs\assimp\include\assimp</Filter>
    </ClInclude>
    <ClInclude Include="..\..\of_v0.9.2_vs_release\addons\ofxAssimpModelLoader\libs\assimp\include\assimp\matrix3x3.h">
      <Filter>addons\ofxAssimpModelLoader\libs\assimp\include\assimp</Filter>
    </ClInclude>
    <ClInclude Include="..\..\of_v0.9.2_vs_release\addons\ofxAssimpModelLoader\libs\assimp\include\assimp\matrix4x4.h">
      <Filter>addons\ofxAssimpModelLoader\libs\assimp\include\assimp</Filter>
    </ClInclude>
    <ClInclude Include="..\..\of_v0.9.2_vs_release\addons\ofxAssimpModelLoader\libs\assimp\include\assimp\mesh.h">
      <Filter>addons\ofxAssimpModelLoader\libs\assimp\include\assimp</Filter>
    </ClInclude>
    <ClInclude Include="..\..\of_v0.9.2_vs_release\addons\ofxAssimpModelLoader\libs\assimp\include\assimp\metadata.h">
      <Filter>addons\ofxAssimpModelLoader\libs\assimp\include\assimp</Filter>
    </ClInclude>
    <ClInclude Include="..\..\of_v0.9.2_vs_release\addons\ofxAssimpModelLoader\libs\assimp\include\assimp\postprocess.h">
      <Filter>addons\ofxAssimpModelLoader\libs\assimp\include\assimp</Filter>
    </ClInclude>
    <ClInclude Include="..\..\of_v0.9.2_vs_release\addons\ofxAssimpModelLoader\libs\assimp\include\assimp\quaternion.h">
      <Filter>addons\ofxAssimpModelLoader\libs\assimp\include\assimp</Filter>
    </ClInclude>
    <ClInclude Include="..\..\of_v0.9.2_vs_release\addons\ofxAssimpModelLoader\libs\assimp\include\assimp\scene.h">
      <Filter>addons\ofxAssimpModelLoader\libs\assimp\include\assimp</Filter>
    </ClInclude>
    <ClInclude Include="..\..\of_v0.9.2_vs_release\addons\ofxAssimpModelLoader\libs\assimp\include\assimp\texture.h">
      <Filter>addons\ofxAssimpModelLoader\libs\assimp\include\assimp</Filter>
    </ClInclude>
    <ClInclude Include="..\..\of_v0.9.2_vs_release\addons\ofxAssimpModelLoader\libs\assimp\include\assimp\types.h">
      <Filter>addons\ofxAssimpModelLoader\libs\assimp\include\assimp</Filter>
    </ClInclude>
    <ClInclude Include="..\..\of_v0.9.2_vs_release\addons\ofxAssimpModelLoader\libs\assimp\include\assimp\vector2.h">
      <Filter>addons\ofxAssimpModelLoader\libs\assimp\include\assimp</Filter>
    </ClInclude>
    <ClInclude Include="..\..\of_v0.9.2_vs_release\addons\ofxAssimpModelLoader\libs\assimp\include\assimp\vector3.h">
      <Filter>addons\ofxAssimpModelLoader\libs\assimp\include\assimp</Filter>
    </ClInclude>
    <ClInclude Include="..\..\of_v0.9.2_vs_release\addons\ofxAssimpModelLoader\libs\assimp\include\assimp\version.h">
      <Filter>addons\ofxAssimpModelLoader\libs\assimp\include\assimp</Filter>
    </ClInclude>
    <ClInclude Include="..\..\of_v0.9.2_vs_release\addons\ofxAssimpModelLoader\libs\assimp\include\assimp\DefaultLogger.hpp">
      <Filter>addons\ofxAssimpModelLoader\libs\assimp\include\assimp</Filter>
    </ClInclude>
    <ClInclude Include="..\..\of_v0.9.2_vs_release\addons\ofxAssimpModelLoader\libs\assimp\include\assimp\Exporter.hpp">
      <Filter>addons\ofxAssimpModelLoader\libs\assimp\include\assimp</Filter>
    </ClInclude>
    <ClInclude Include="..\..\of_v0.9.2_vs_release\addons\ofxAssimpModelLoader\libs\assimp\include\assimp\Importer.hpp">
      <Filter>addons\ofxAssimpModelLoader\libs\assimp\include\assimp</Filter>
    </ClInclude>
    <ClInclude Include="..\..\of_v0.9.2_vs_release\addons\ofxAssimpModelLoader\libs\assimp\include\assimp\IOStream.hpp">
      <Filter>addons\ofxAssimpModelLoader\libs\assimp\include\assimp</Filter>
    </ClInclude>
    <ClInclude Include="..\..\of_v0.9.2_vs_release\addons\ofxAssimpModelLoader\libs\assimp\include\assimp\IOSystem.hpp">
      <Filter>addons\ofxAssimpModelLoader\libs\assimp\include\assimp</Filter>
    </ClInclude>
    <ClInclude Include="..\..\of_v0.9.2_vs_release\addons\ofxAssimpModelLoader\libs\assimp\include\assimp\Logger.hpp">
      <Filter>addons\ofxAssimpModelLoader\libs\assimp\include\assimp</Filter>
    </ClInclude>
    <ClInclude Include="..\..\of_v0.9.2_vs_release\addons\ofxAssimpModelLoader\libs\assimp\include\assimp\LogStream.hpp">
      <Filter>addons\ofxAssimpModelLoader\libs\assimp\include\assimp</Filter>
    </ClInclude>
    <ClInclude Include="..\..\of_v0.9.2_vs_release\addons\ofxAssimpModelLoader\libs\assimp\include\assimp\NullLogger.hpp">
      <Filter>addons\ofxAssimpModelLoader\libs\assimp\include\assimp</Filter>
    </ClInclude>
    <ClInclude Include="..\..\of_v0.9.2_vs_release\addons\ofxAssimpModelLoader\libs\assimp\include\assimp\ProgressHandler.hpp">
      <Filter>addons\ofxAssimpModelLoader\libs\assimp\include\assimp</Filter>
    </ClInclude>
    <ClInclude Include="..\..\of_v0.9.2_vs_release\addons\ofxAssimpModelLoader\libs\assimp\include\assimp\Compiler\poppack1.h">
      <Filter>addons\ofxAssimpModelLoader\libs\assimp\include\assimp\Compiler</Filter>
    </ClInclude>
    <ClInclude Include="..\..\of_v0.9.2_vs_release\addons\ofxAssimpModelLoader\libs\assimp\include\assimp\Compiler\pstdint.h">
      <Filter>addons\ofxAssimpModelLoader\libs\assimp\include\assimp\Compiler</Filter>
    </ClInclude>
    <ClInclude Include="..\..\of_v0.9.2_vs_release\addons\ofxAssimpModelLoader\libs\assimp\include\assimp\Compiler\pushpack1.h">
      <Filter>addons\ofxAssimpModelLoader\libs\assimp\include\assimp\Compiler</Filter>
    </ClInclude>
    <ClInclude Include="..\..\of_v0.9.2_vs_release\addons\ofxGui\src\ofxBaseGui.h">
      <Filter>addons\ofxGui\src</Filter>
    </ClInclude>
    <ClInclude Include="..\..\of_v0.9.2_vs_release\addons\ofxGui\src\ofxButton.h">
      <Filter>addons\ofxGui\src</Filter>
    </ClInclude>
    <ClInclude Include="..\..\of_v0.9.2_vs_release\addons\ofxGui\src\ofxGui.h">
      <Filter>addons\ofxGui\src</Filter>
    </ClInclude>
    <ClInclude Include="..\..\of_v0.9.2_vs_release\addons\ofxGui\src\ofxGuiGroup.h">
      <Filter>addons\ofxGui\src</Filter>
    </ClInclude>
    <ClInclude Include="..\..\of_v0.9.2_vs_release\addons\ofxGui\src\ofxLabel.h">
      <Filter>addons\ofxGui\src</Filter>
    </ClInclude>
    <ClInclude Include="..\..\of_v0.9.2_vs_release\addons\ofxGui\src\ofxPanel.h">
      <Filter>addons\ofxGui\src</Filter>
    </ClInclude>
    <ClInclude Include="..\..\of_v0.9.2_vs_release\addons\ofxGui\src\ofxSlider.h">
      <Filter>addons\ofxGui\src</Filter>
    </ClInclude>
    <ClInclude Include="..\..\of_v0.9.2_vs_release\addons\ofxGui\src\ofxSliderGroup.h">
      <Filter>addons\ofxGui\src</Filter>
    </ClInclude>
    <ClInclude Include="..\..\of_v0.9.2_vs_release\addons\ofxGui\src\ofxToggle.h">
      <Filter>addons\ofxGui\src</Filter>
    </ClInclude>
  </ItemGroup>
  <ItemGroup>
    <ResourceCompile Include="icon.rc" />
  </ItemGroup>
</Project>